
Microsoft Visual Studio Solution File, Format Version 12.00
# Visual Studio Version 17
VisualStudioVersion = 17.10.35013.160
MinimumVisualStudioVersion = 10.0.40219.1
Project("{FAE04EC0-301F-11D3-BF4B-00C04F79EFBC}") = "StaticExample", "StaticExample\StaticExample.csproj", "{1C01D9F3-EB15-4178-93E8-0F1E5F153595}"
EndProject
Global
	GlobalSection(SolutionConfigurationPlatforms) = preSolution
		Debug|Any CPU = Debug|Any CPU
		Release|Any CPU = Release|Any CPU
	EndGlobalSection
	GlobalSection(ProjectConfigurationPlatforms) = postSolution
		{1C01D9F3-EB15-4178-93E8-0F1E5F153595}.Debug|Any CPU.ActiveCfg = Debug|Any CPU
		{1C01D9F3-EB15-4178-93E8-0F1E5F153595}.Debug|Any CPU.Build.0 = Debug|Any CPU
		{1C01D9F3-EB15-4178-93E8-0F1E5F153595}.Release|Any CPU.ActiveCfg = Release|Any CPU
		{1C01D9F3-EB15-4178-93E8-0F1E5F153595}.Release|Any CPU.Build.0 = Release|Any CPU
	EndGlobalSection
	GlobalSection(SolutionProperties) = preSolution
		HideSolutionNode = FALSE
	EndGlobalSection
	GlobalSection(ExtensibilityGlobals) = postSolution
		SolutionGuid = {83DC7A05-A9B1-4E15-831B-657E9C11E44A}
	EndGlobalSection
EndGlobal
